
Microsoft Visual Studio Solution File, Format Version 12.00
# Visual Studio Version 17
VisualStudioVersion = 17.5.002.0
MinimumVisualStudioVersion = 10.0.40219.1
Project("{9A19103F-16F7-4668-BE54-9A1E7A4F7556}") = "HT6", "HT6.csproj", "{2B03CF13-7F31-4488-B4E7-1C63986DED11}"
EndProject
Global
	GlobalSection(SolutionConfigurationPlatforms) = preSolution
		Debug|Any CPU = Debug|Any CPU
		Release|Any CPU = Release|Any CPU
	EndGlobalSection
	GlobalSection(ProjectConfigurationPlatforms) = postSolution
		{2B03CF13-7F31-4488-B4E7-1C63986DED11}.Debug|Any CPU.ActiveCfg = Debug|Any CPU
		{2B03CF13-7F31-4488-B4E7-1C63986DED11}.Debug|Any CPU.Build.0 = Debug|Any CPU
		{2B03CF13-7F31-4488-B4E7-1C63986DED11}.Release|Any CPU.ActiveCfg = Release|Any CPU
		{2B03CF13-7F31-4488-B4E7-1C63986DED11}.Release|Any CPU.Build.0 = Release|Any CPU
	EndGlobalSection
	GlobalSection(SolutionProperties) = preSolution
		HideSolutionNode = FALSE
	EndGlobalSection
	GlobalSection(ExtensibilityGlobals) = postSolution
		SolutionGuid = {E7A4C9A3-1652-420B-90E7-8E999785B11B}
	EndGlobalSection
EndGlobal
